// !$*UTF8*$!
{
	archiveVersion = 1;
	classes = {
	};
	objectVersion = 56;
	objects = {

/* Begin PBXBuildFile section */
		2753C13D3AAD64891B08265B /* Pods_atostudy_project.framework in Frameworks */ = {isa = PBXBuildFile; fileRef = DE0D11223FC94BDA8111EA42 /* Pods_atostudy_project.framework */; };
		8026BBDD2AECEF9D00711023 /* API.swift in Sources */ = {isa = PBXBuildFile; fileRef = 8026BBDC2AECEF9D00711023 /* API.swift */; };
		8026BBDF2AECFED900711023 /* SelectCharacterController.swift in Sources */ = {isa = PBXBuildFile; fileRef = 8026BBDE2AECFED900711023 /* SelectCharacterController.swift */; };
		8026BBE52AED0B6600711023 /* characterModel.swift in Sources */ = {isa = PBXBuildFile; fileRef = 8026BBE42AED0B6600711023 /* characterModel.swift */; };
		8026BBEA2AED21AA00711023 /* CharacterCell.swift in Sources */ = {isa = PBXBuildFile; fileRef = 8026BBE82AED21AA00711023 /* CharacterCell.swift */; };
		8026BBEB2AED21AA00711023 /* CharacterCell.xib in Resources */ = {isa = PBXBuildFile; fileRef = 8026BBE92AED21AA00711023 /* CharacterCell.xib */; };
		806715C92AE9448F00E1A3D4 /* AppDelegate.swift in Sources */ = {isa = PBXBuildFile; fileRef = 806715C82AE9448F00E1A3D4 /* AppDelegate.swift */; };
		806715CB2AE9448F00E1A3D4 /* SceneDelegate.swift in Sources */ = {isa = PBXBuildFile; fileRef = 806715CA2AE9448F00E1A3D4 /* SceneDelegate.swift */; };
		806715CD2AE9448F00E1A3D4 /* ViewController.swift in Sources */ = {isa = PBXBuildFile; fileRef = 806715CC2AE9448F00E1A3D4 /* ViewController.swift */; };
		806715D02AE9448F00E1A3D4 /* Main.storyboard in Resources */ = {isa = PBXBuildFile; fileRef = 806715CE2AE9448F00E1A3D4 /* Main.storyboard */; };
		806715D22AE9449100E1A3D4 /* Assets.xcassets in Resources */ = {isa = PBXBuildFile; fileRef = 806715D12AE9449100E1A3D4 /* Assets.xcassets */; };
		806715D52AE9449100E1A3D4 /* LaunchScreen.storyboard in Resources */ = {isa = PBXBuildFile; fileRef = 806715D32AE9449100E1A3D4 /* LaunchScreen.storyboard */; };
		806715E02AEAA07F00E1A3D4 /* SpoqaHanSansNeo-Regular.otf in Resources */ = {isa = PBXBuildFile; fileRef = 806715DD2AEA882400E1A3D4 /* SpoqaHanSansNeo-Regular.otf */; };
		806715E12AEAA08100E1A3D4 /* SpoqaHanSansNeo-Medium.otf in Resources */ = {isa = PBXBuildFile; fileRef = 806715DE2AEA88C200E1A3D4 /* SpoqaHanSansNeo-Medium.otf */; };
		806715E22AEAA08300E1A3D4 /* SpoqaHanSansNeo-Bold.otf in Resources */ = {isa = PBXBuildFile; fileRef = 806715DF2AEAA02000E1A3D4 /* SpoqaHanSansNeo-Bold.otf */; };
		806715E62AEAA49E00E1A3D4 /* NicknameController.swift in Sources */ = {isa = PBXBuildFile; fileRef = 806715E52AEAA49E00E1A3D4 /* NicknameController.swift */; };
		80676CFF2AEE08C100D377BE /* APIResModel.swift in Sources */ = {isa = PBXBuildFile; fileRef = 80676CFE2AEE08C100D377BE /* APIResModel.swift */; };
		80676D012AEE1A5300D377BE /* UIAlertAction.swift in Sources */ = {isa = PBXBuildFile; fileRef = 80676D002AEE1A5300D377BE /* UIAlertAction.swift */; };
		80676D042AEE29C800D377BE /* SignUpController.swift in Sources */ = {isa = PBXBuildFile; fileRef = 80676D032AEE29C800D377BE /* SignUpController.swift */; };
/* End PBXBuildFile section */

/* Begin PBXFileReference section */
		257ACA266DE2D7ACB2D4AB66 /* Pods-atostudy_project.debug.xcconfig */ = {isa = PBXFileReference; includeInIndex = 1; lastKnownFileType = text.xcconfig; name = "Pods-atostudy_project.debug.xcconfig"; path = "Target Support Files/Pods-atostudy_project/Pods-atostudy_project.debug.xcconfig"; sourceTree = "<group>"; };
		8026BBDC2AECEF9D00711023 /* API.swift */ = {isa = PBXFileReference; lastKnownFileType = sourcecode.swift; path = API.swift; sourceTree = "<group>"; };
		8026BBDE2AECFED900711023 /* SelectCharacterController.swift */ = {isa = PBXFileReference; lastKnownFileType = sourcecode.swift; path = SelectCharacterController.swift; sourceTree = "<group>"; };
		8026BBE42AED0B6600711023 /* characterModel.swift */ = {isa = PBXFileReference; lastKnownFileType = sourcecode.swift; path = characterModel.swift; sourceTree = "<group>"; };
		8026BBE82AED21AA00711023 /* CharacterCell.swift */ = {isa = PBXFileReference; lastKnownFileType = sourcecode.swift; path = CharacterCell.swift; sourceTree = "<group>"; };
		8026BBE92AED21AA00711023 /* CharacterCell.xib */ = {isa = PBXFileReference; lastKnownFileType = file.xib; path = CharacterCell.xib; sourceTree = "<group>"; };
		806715C52AE9448F00E1A3D4 /* atostudy_project.app */ = {isa = PBXFileReference; explicitFileType = wrapper.application; includeInIndex = 0; path = atostudy_project.app; sourceTree = BUILT_PRODUCTS_DIR; };
		806715C82AE9448F00E1A3D4 /* AppDelegate.swift */ = {isa = PBXFileReference; lastKnownFileType = sourcecode.swift; path = AppDelegate.swift; sourceTree = "<group>"; };
		806715CA2AE9448F00E1A3D4 /* SceneDelegate.swift */ = {isa = PBXFileReference; lastKnownFileType = sourcecode.swift; path = SceneDelegate.swift; sourceTree = "<group>"; };
		806715CC2AE9448F00E1A3D4 /* ViewController.swift */ = {isa = PBXFileReference; lastKnownFileType = sourcecode.swift; path = ViewController.swift; sourceTree = "<group>"; };
		806715CF2AE9448F00E1A3D4 /* Base */ = {isa = PBXFileReference; lastKnownFileType = file.storyboard; name = Base; path = Base.lproj/Main.storyboard; sourceTree = "<group>"; };
		806715D12AE9449100E1A3D4 /* Assets.xcassets */ = {isa = PBXFileReference; lastKnownFileType = folder.assetcatalog; path = Assets.xcassets; sourceTree = "<group>"; };
		806715D42AE9449100E1A3D4 /* Base */ = {isa = PBXFileReference; lastKnownFileType = file.storyboard; name = Base; path = Base.lproj/LaunchScreen.storyboard; sourceTree = "<group>"; };
		806715D62AE9449100E1A3D4 /* Info.plist */ = {isa = PBXFileReference; lastKnownFileType = text.plist.xml; path = Info.plist; sourceTree = "<group>"; };
		806715DD2AEA882400E1A3D4 /* SpoqaHanSansNeo-Regular.otf */ = {isa = PBXFileReference; lastKnownFileType = file; path = "SpoqaHanSansNeo-Regular.otf"; sourceTree = "<group>"; };
		806715DE2AEA88C200E1A3D4 /* SpoqaHanSansNeo-Medium.otf */ = {isa = PBXFileReference; lastKnownFileType = file; path = "SpoqaHanSansNeo-Medium.otf"; sourceTree = "<group>"; };
		806715DF2AEAA02000E1A3D4 /* SpoqaHanSansNeo-Bold.otf */ = {isa = PBXFileReference; lastKnownFileType = file; path = "SpoqaHanSansNeo-Bold.otf"; sourceTree = "<group>"; };
		806715E52AEAA49E00E1A3D4 /* NicknameController.swift */ = {isa = PBXFileReference; lastKnownFileType = sourcecode.swift; path = NicknameController.swift; sourceTree = "<group>"; };
		80676CFE2AEE08C100D377BE /* APIResModel.swift */ = {isa = PBXFileReference; lastKnownFileType = sourcecode.swift; path = APIResModel.swift; sourceTree = "<group>"; };
		80676D002AEE1A5300D377BE /* UIAlertAction.swift */ = {isa = PBXFileReference; lastKnownFileType = sourcecode.swift; path = UIAlertAction.swift; sourceTree = "<group>"; };
		80676D032AEE29C800D377BE /* SignUpController.swift */ = {isa = PBXFileReference; lastKnownFileType = sourcecode.swift; path = SignUpController.swift; sourceTree = "<group>"; };
		DA7E90E2A7DB27F10C33F1FE /* Pods-atostudy_project.release.xcconfig */ = {isa = PBXFileReference; includeInIndex = 1; lastKnownFileType = text.xcconfig; name = "Pods-atostudy_project.release.xcconfig"; path = "Target Support Files/Pods-atostudy_project/Pods-atostudy_project.release.xcconfig"; sourceTree = "<group>"; };
		DE0D11223FC94BDA8111EA42 /* Pods_atostudy_project.framework */ = {isa = PBXFileReference; explicitFileType = wrapper.framework; includeInIndex = 0; path = Pods_atostudy_project.framework; sourceTree = BUILT_PRODUCTS_DIR; };
/* End PBXFileReference section */

/* Begin PBXFrameworksBuildPhase section */
		806715C22AE9448F00E1A3D4 /* Frameworks */ = {
			isa = PBXFrameworksBuildPhase;
			buildActionMask = 2147483647;
			files = (
				2753C13D3AAD64891B08265B /* Pods_atostudy_project.framework in Frameworks */,
			);
			runOnlyForDeploymentPostprocessing = 0;
		};
/* End PBXFrameworksBuildPhase section */

/* Begin PBXGroup section */
		49EBE5A4223551D25F4EBFAD /* Frameworks */ = {
			isa = PBXGroup;
			children = (
				DE0D11223FC94BDA8111EA42 /* Pods_atostudy_project.framework */,
			);
			name = Frameworks;
			sourceTree = "<group>";
		};
		8026BBE02AED02B600711023 /* view */ = {
			isa = PBXGroup;
			children = (
				8026BBE82AED21AA00711023 /* CharacterCell.swift */,
				8026BBE92AED21AA00711023 /* CharacterCell.xib */,
			);
			path = view;
			sourceTree = "<group>";
		};
		8026BBE32AED0B5400711023 /* model */ = {
			isa = PBXGroup;
			children = (
				8026BBE42AED0B6600711023 /* characterModel.swift */,
				80676CFE2AEE08C100D377BE /* APIResModel.swift */,
			);
			path = model;
			sourceTree = "<group>";
		};
		806715BC2AE9448F00E1A3D4 = {
			isa = PBXGroup;
			children = (
				806715C72AE9448F00E1A3D4 /* atostudy_project */,
				806715C62AE9448F00E1A3D4 /* Products */,
				94104BC5009868AD6738E702 /* Pods */,
				49EBE5A4223551D25F4EBFAD /* Frameworks */,
			);
			sourceTree = "<group>";
		};
		806715C62AE9448F00E1A3D4 /* Products */ = {
			isa = PBXGroup;
			children = (
				806715C52AE9448F00E1A3D4 /* atostudy_project.app */,
			);
			name = Products;
			sourceTree = "<group>";
		};
		806715C72AE9448F00E1A3D4 /* atostudy_project */ = {
			isa = PBXGroup;
			children = (
				8026BBDC2AECEF9D00711023 /* API.swift */,
				8026BBE32AED0B5400711023 /* model */,
				8026BBE02AED02B600711023 /* view */,
				806715DC2AEA881600E1A3D4 /* fonts */,
				806715E42AEAA47700E1A3D4 /* controller */,
				806715C82AE9448F00E1A3D4 /* AppDelegate.swift */,
				806715CA2AE9448F00E1A3D4 /* SceneDelegate.swift */,
				806715CE2AE9448F00E1A3D4 /* Main.storyboard */,
				806715D32AE9449100E1A3D4 /* LaunchScreen.storyboard */,
				806715D12AE9449100E1A3D4 /* Assets.xcassets */,
				806715D62AE9449100E1A3D4 /* Info.plist */,
				80676D022AEE1A5800D377BE /* extensions */,
			);
			path = atostudy_project;
			sourceTree = "<group>";
		};
		806715DC2AEA881600E1A3D4 /* fonts */ = {
			isa = PBXGroup;
			children = (
				806715DD2AEA882400E1A3D4 /* SpoqaHanSansNeo-Regular.otf */,
				806715DE2AEA88C200E1A3D4 /* SpoqaHanSansNeo-Medium.otf */,
				806715DF2AEAA02000E1A3D4 /* SpoqaHanSansNeo-Bold.otf */,
			);
			path = fonts;
			sourceTree = "<group>";
		};
		806715E42AEAA47700E1A3D4 /* controller */ = {
			isa = PBXGroup;
			children = (
				806715CC2AE9448F00E1A3D4 /* ViewController.swift */,
				806715E52AEAA49E00E1A3D4 /* NicknameController.swift */,
				8026BBDE2AECFED900711023 /* SelectCharacterController.swift */,
				80676D032AEE29C800D377BE /* SignUpController.swift */,
			);
			path = controller;
			sourceTree = "<group>";
		};
		80676D022AEE1A5800D377BE /* extensions */ = {
			isa = PBXGroup;
			children = (
				80676D002AEE1A5300D377BE /* UIAlertAction.swift */,
			);
			path = extensions;
			sourceTree = "<group>";
		};
		94104BC5009868AD6738E702 /* Pods */ = {
			isa = PBXGroup;
			children = (
				257ACA266DE2D7ACB2D4AB66 /* Pods-atostudy_project.debug.xcconfig */,
				DA7E90E2A7DB27F10C33F1FE /* Pods-atostudy_project.release.xcconfig */,
			);
			path = Pods;
			sourceTree = "<group>";
		};
/* End PBXGroup section */

/* Begin PBXNativeTarget section */
		806715C42AE9448F00E1A3D4 /* atostudy_project */ = {
			isa = PBXNativeTarget;
			buildConfigurationList = 806715D92AE9449100E1A3D4 /* Build configuration list for PBXNativeTarget "atostudy_project" */;
			buildPhases = (
				614D11610725F307D2EB9588 /* [CP] Check Pods Manifest.lock */,
				806715C12AE9448F00E1A3D4 /* Sources */,
				806715C22AE9448F00E1A3D4 /* Frameworks */,
				806715C32AE9448F00E1A3D4 /* Resources */,
				CDC587D6226166F515AD608B /* [CP] Embed Pods Frameworks */,
			);
			buildRules = (
			);
			dependencies = (
			);
			name = atostudy_project;
			productName = atostudy_project;
			productReference = 806715C52AE9448F00E1A3D4 /* atostudy_project.app */;
			productType = "com.apple.product-type.application";
		};
/* End PBXNativeTarget section */

/* Begin PBXProject section */
		806715BD2AE9448F00E1A3D4 /* Project object */ = {
			isa = PBXProject;
			attributes = {
				BuildIndependentTargetsInParallel = 1;
				LastSwiftUpdateCheck = 1500;
				LastUpgradeCheck = 1500;
				TargetAttributes = {
					806715C42AE9448F00E1A3D4 = {
						CreatedOnToolsVersion = 15.0.1;
					};
				};
			};
			buildConfigurationList = 806715C02AE9448F00E1A3D4 /* Build configuration list for PBXProject "atostudy_project" */;
			compatibilityVersion = "Xcode 14.0";
			developmentRegion = en;
			hasScannedForEncodings = 0;
			knownRegions = (
				en,
				Base,
			);
			mainGroup = 806715BC2AE9448F00E1A3D4;
			productRefGroup = 806715C62AE9448F00E1A3D4 /* Products */;
			projectDirPath = "";
			projectRoot = "";
			targets = (
				806715C42AE9448F00E1A3D4 /* atostudy_project */,
			);
		};
/* End PBXProject section */

/* Begin PBXResourcesBuildPhase section */
		806715C32AE9448F00E1A3D4 /* Resources */ = {
			isa = PBXResourcesBuildPhase;
			buildActionMask = 2147483647;
			files = (
				8026BBEB2AED21AA00711023 /* CharacterCell.xib in Resources */,
				806715D52AE9449100E1A3D4 /* LaunchScreen.storyboard in Resources */,
				806715D22AE9449100E1A3D4 /* Assets.xcassets in Resources */,
				806715D02AE9448F00E1A3D4 /* Main.storyboard in Resources */,
				806715E22AEAA08300E1A3D4 /* SpoqaHanSansNeo-Bold.otf in Resources */,
				806715E12AEAA08100E1A3D4 /* SpoqaHanSansNeo-Medium.otf in Resources */,
				806715E02AEAA07F00E1A3D4 /* SpoqaHanSansNeo-Regular.otf in Resources */,
			);
			runOnlyForDeploymentPostprocessing = 0;
		};
/* End PBXResourcesBuildPhase section */

/* Begin PBXShellScriptBuildPhase section */
		614D11610725F307D2EB9588 /* [CP] Check Pods Manifest.lock */ = {
			isa = PBXShellScriptBuildPhase;
			buildActionMask = 2147483647;
			files = (
			);
			inputFileListPaths = (
			);
			inputPaths = (
				"${PODS_PODFILE_DIR_PATH}/Podfile.lock",
				"${PODS_ROOT}/Manifest.lock",
			);
			name = "[CP] Check Pods Manifest.lock";
			outputFileListPaths = (
			);
			outputPaths = (
				"$(DERIVED_FILE_DIR)/Pods-atostudy_project-checkManifestLockResult.txt",
			);
			runOnlyForDeploymentPostprocessing = 0;
			shellPath = /bin/sh;
			shellScript = "diff \"${PODS_PODFILE_DIR_PATH}/Podfile.lock\" \"${PODS_ROOT}/Manifest.lock\" > /dev/null\nif [ $? != 0 ] ; then\n    # print error to STDERR\n    echo \"error: The sandbox is not in sync with the Podfile.lock. Run 'pod install' or update your CocoaPods installation.\" >&2\n    exit 1\nfi\n# This output is used by Xcode 'outputs' to avoid re-running this script phase.\necho \"SUCCESS\" > \"${SCRIPT_OUTPUT_FILE_0}\"\n";
			showEnvVarsInLog = 0;
		};
		CDC587D6226166F515AD608B /* [CP] Embed Pods Frameworks */ = {
			isa = PBXShellScriptBuildPhase;
			buildActionMask = 2147483647;
			files = (
			);
			inputFileListPaths = (
				"${PODS_ROOT}/Target Support Files/Pods-atostudy_project/Pods-atostudy_project-frameworks-${CONFIGURATION}-input-files.xcfilelist",
			);
			name = "[CP] Embed Pods Frameworks";
			outputFileListPaths = (
				"${PODS_ROOT}/Target Support Files/Pods-atostudy_project/Pods-atostudy_project-frameworks-${CONFIGURATION}-output-files.xcfilelist",
			);
			runOnlyForDeploymentPostprocessing = 0;
			shellPath = /bin/sh;
			shellScript = "\"${PODS_ROOT}/Target Support Files/Pods-atostudy_project/Pods-atostudy_project-frameworks.sh\"\n";
			showEnvVarsInLog = 0;
		};
/* End PBXShellScriptBuildPhase section */

/* Begin PBXSourcesBuildPhase section */
		806715C12AE9448F00E1A3D4 /* Sources */ = {
			isa = PBXSourcesBuildPhase;
			buildActionMask = 2147483647;
			files = (
				806715CD2AE9448F00E1A3D4 /* ViewController.swift in Sources */,
				806715E62AEAA49E00E1A3D4 /* NicknameController.swift in Sources */,
				80676CFF2AEE08C100D377BE /* APIResModel.swift in Sources */,
				806715C92AE9448F00E1A3D4 /* AppDelegate.swift in Sources */,
				8026BBEA2AED21AA00711023 /* CharacterCell.swift in Sources */,
				806715CB2AE9448F00E1A3D4 /* SceneDelegate.swift in Sources */,
				8026BBE52AED0B6600711023 /* characterModel.swift in Sources */,
				8026BBDD2AECEF9D00711023 /* API.swift in Sources */,
				80676D012AEE1A5300D377BE /* UIAlertAction.swift in Sources */,
				80676D042AEE29C800D377BE /* SignUpController.swift in Sources */,
				8026BBDF2AECFED900711023 /* SelectCharacterController.swift in Sources */,
			);
			runOnlyForDeploymentPostprocessing = 0;
		};
/* End PBXSourcesBuildPhase section */

/* Begin PBXVariantGroup section */
		806715CE2AE9448F00E1A3D4 /* Main.storyboard */ = {
			isa = PBXVariantGroup;
			children = (
				806715CF2AE9448F00E1A3D4 /* Base */,
			);
			name = Main.storyboard;
			sourceTree = "<group>";
		};
		806715D32AE9449100E1A3D4 /* LaunchScreen.storyboard */ = {
			isa = PBXVariantGroup;
			children = (
				806715D42AE9449100E1A3D4 /* Base */,
			);
			name = LaunchScreen.storyboard;
			sourceTree = "<group>";
		};
/* End PBXVariantGroup section */

/* Begin XCBuildConfiguration section */
		806715D72AE9449100E1A3D4 /* Debug */ = {
			isa = XCBuildConfiguration;
			buildSettings = {
				ALWAYS_SEARCH_USER_PATHS = NO;
				ASSETCATALOG_COMPILER_GENERATE_SWIFT_ASSET_SYMBOL_EXTENSIONS = YES;
				CLANG_ANALYZER_NONNULL = YES;
				CLANG_ANALYZER_NUMBER_OBJECT_CONVERSION = YES_AGGRESSIVE;
				CLANG_CXX_LANGUAGE_STANDARD = "gnu++20";
				CLANG_ENABLE_MODULES = YES;
				CLANG_ENABLE_OBJC_ARC = YES;
				CLANG_ENABLE_OBJC_WEAK = YES;
				CLANG_WARN_BLOCK_CAPTURE_AUTORELEASING = YES;
				CLANG_WARN_BOOL_CONVERSION = YES;
				CLANG_WARN_COMMA = YES;
				CLANG_WARN_CONSTANT_CONVERSION = YES;
				CLANG_WARN_DEPRECATED_OBJC_IMPLEMENTATIONS = YES;
				CLANG_WARN_DIRECT_OBJC_ISA_USAGE = YES_ERROR;
				CLANG_WARN_DOCUMENTATION_COMMENTS = YES;
				CLANG_WARN_EMPTY_BODY = YES;
				CLANG_WARN_ENUM_CONVERSION = YES;
				CLANG_WARN_INFINITE_RECURSION = YES;
				CLANG_WARN_INT_CONVERSION = YES;
				CLANG_WARN_NON_LITERAL_NULL_CONVERSION = YES;
				CLANG_WARN_OBJC_IMPLICIT_RETAIN_SELF = YES;
				CLANG_WARN_OBJC_LITERAL_CONVERSION = YES;
				CLANG_WARN_OBJC_ROOT_CLASS = YES_ERROR;
				CLANG_WARN_QUOTED_INCLUDE_IN_FRAMEWORK_HEADER = YES;
				CLANG_WARN_RANGE_LOOP_ANALYSIS = YES;
				CLANG_WARN_STRICT_PROTOTYPES = YES;
				CLANG_WARN_SUSPICIOUS_MOVE = YES;
				CLANG_WARN_UNGUARDED_AVAILABILITY = YES_AGGRESSIVE;
				CLANG_WARN_UNREACHABLE_CODE = YES;
				CLANG_WARN__DUPLICATE_METHOD_MATCH = YES;
				COPY_PHASE_STRIP = NO;
				DEBUG_INFORMATION_FORMAT = dwarf;
				ENABLE_STRICT_OBJC_MSGSEND = YES;
				ENABLE_TESTABILITY = YES;
				ENABLE_USER_SCRIPT_SANDBOXING = YES;
				GCC_C_LANGUAGE_STANDARD = gnu17;
				GCC_DYNAMIC_NO_PIC = NO;
				GCC_NO_COMMON_BLOCKS = YES;
				GCC_OPTIMIZATION_LEVEL = 0;
				GCC_PREPROCESSOR_DEFINITIONS = (
					"DEBUG=1",
					"$(inherited)",
				);
				GCC_WARN_64_TO_32_BIT_CONVERSION = YES;
				GCC_WARN_ABOUT_RETURN_TYPE = YES_ERROR;
				GCC_WARN_UNDECLARED_SELECTOR = YES;
				GCC_WARN_UNINITIALIZED_AUTOS = YES_AGGRESSIVE;
				GCC_WARN_UNUSED_FUNCTION = YES;
				GCC_WARN_UNUSED_VARIABLE = YES;
				IPHONEOS_DEPLOYMENT_TARGET = 17.0;
				LOCALIZATION_PREFERS_STRING_CATALOGS = YES;
				MTL_ENABLE_DEBUG_INFO = INCLUDE_SOURCE;
				MTL_FAST_MATH = YES;
				ONLY_ACTIVE_ARCH = YES;
				SDKROOT = iphoneos;
				SWIFT_ACTIVE_COMPILATION_CONDITIONS = "DEBUG $(inherited)";
				SWIFT_OPTIMIZATION_LEVEL = "-Onone";
			};
			name = Debug;
		};
		806715D82AE9449100E1A3D4 /* Release */ = {
			isa = XCBuildConfiguration;
			buildSettings = {
				ALWAYS_SEARCH_USER_PATHS = NO;
				ASSETCATALOG_COMPILER_GENERATE_SWIFT_ASSET_SYMBOL_EXTENSIONS = YES;
				CLANG_ANALYZER_NONNULL = YES;
				CLANG_ANALYZER_NUMBER_OBJECT_CONVERSION = YES_AGGRESSIVE;
				CLANG_CXX_LANGUAGE_STANDARD = "gnu++20";
				CLANG_ENABLE_MODULES = YES;
				CLANG_ENABLE_OBJC_ARC = YES;
				CLANG_ENABLE_OBJC_WEAK = YES;
				CLANG_WARN_BLOCK_CAPTURE_AUTORELEASING = YES;
				CLANG_WARN_BOOL_CONVERSION = YES;
				CLANG_WARN_COMMA = YES;
				CLANG_WARN_CONSTANT_CONVERSION = YES;
				CLANG_WARN_DEPRECATED_OBJC_IMPLEMENTATIONS = YES;
				CLANG_WARN_DIRECT_OBJC_ISA_USAGE = YES_ERROR;
				CLANG_WARN_DOCUMENTATION_COMMENTS = YES;
				CLANG_WARN_EMPTY_BODY = YES;
				CLANG_WARN_ENUM_CONVERSION = YES;
				CLANG_WARN_INFINITE_RECURSION = YES;
				CLANG_WARN_INT_CONVERSION = YES;
				CLANG_WARN_NON_LITERAL_NULL_CONVERSION = YES;
				CLANG_WARN_OBJC_IMPLICIT_RETAIN_SELF = YES;
				CLANG_WARN_OBJC_LITERAL_CONVERSION = YES;
				CLANG_WARN_OBJC_ROOT_CLASS = YES_ERROR;
				CLANG_WARN_QUOTED_INCLUDE_IN_FRAMEWORK_HEADER = YES;
				CLANG_WARN_RANGE_LOOP_ANALYSIS = YES;
				CLANG_WARN_STRICT_PROTOTYPES = YES;
				CLANG_WARN_SUSPICIOUS_MOVE = YES;
				CLANG_WARN_UNGUARDED_AVAILABILITY = YES_AGGRESSIVE;
				CLANG_WARN_UNREACHABLE_CODE = YES;
				CLANG_WARN__DUPLICATE_METHOD_MATCH = YES;
				COPY_PHASE_STRIP = NO;
				DEBUG_INFORMATION_FORMAT = "dwarf-with-dsym";
				ENABLE_NS_ASSERTIONS = NO;
				ENABLE_STRICT_OBJC_MSGSEND = YES;
				ENABLE_USER_SCRIPT_SANDBOXING = YES;
				GCC_C_LANGUAGE_STANDARD = gnu17;
				GCC_NO_COMMON_BLOCKS = YES;
				GCC_WARN_64_TO_32_BIT_CONVERSION = YES;
				GCC_WARN_ABOUT_RETURN_TYPE = YES_ERROR;
				GCC_WARN_UNDECLARED_SELECTOR = YES;
				GCC_WARN_UNINITIALIZED_AUTOS = YES_AGGRESSIVE;
				GCC_WARN_UNUSED_FUNCTION = YES;
				GCC_WARN_UNUSED_VARIABLE = YES;
				IPHONEOS_DEPLOYMENT_TARGET = 17.0;
				LOCALIZATION_PREFERS_STRING_CATALOGS = YES;
				MTL_ENABLE_DEBUG_INFO = NO;
				MTL_FAST_MATH = YES;
				SDKROOT = iphoneos;
				SWIFT_COMPILATION_MODE = wholemodule;
				VALIDATE_PRODUCT = YES;
			};
			name = Release;
		};
		806715DA2AE9449100E1A3D4 /* Debug */ = {
			isa = XCBuildConfiguration;
			baseConfigurationReference = 257ACA266DE2D7ACB2D4AB66 /* Pods-atostudy_project.debug.xcconfig */;
			buildSettings = {
				ASSETCATALOG_COMPILER_APPICON_NAME = AppIcon;
				ASSETCATALOG_COMPILER_GLOBAL_ACCENT_COLOR_NAME = AccentColor;
				CODE_SIGN_STYLE = Automatic;
				CURRENT_PROJECT_VERSION = 1;
				ENABLE_USER_SCRIPT_SANDBOXING = NO;
				GENERATE_INFOPLIST_FILE = YES;
				INFOPLIST_FILE = atostudy_project/Info.plist;
				INFOPLIST_KEY_UIApplicationSupportsIndirectInputEvents = YES;
				INFOPLIST_KEY_UILaunchStoryboardName = LaunchScreen;
				INFOPLIST_KEY_UIMainStoryboardFile = Main;
				INFOPLIST_KEY_UISupportedInterfaceOrientations_iPad = "UIInterfaceOrientationPortrait UIInterfaceOrientationPortraitUpsideDown UIInterfaceOrientationLandscapeLeft UIInterfaceOrientationLandscapeRight";
				INFOPLIST_KEY_UISupportedInterfaceOrientations_iPhone = "UIInterfaceOrientationPortrait UIInterfaceOrientationLandscapeLeft UIInterfaceOrientationLandscapeRight";
				IPHONEOS_DEPLOYMENT_TARGET = 15.0;
				LD_RUNPATH_SEARCH_PATHS = (
					"$(inherited)",
					"@executable_path/Frameworks",
				);
				MARKETING_VERSION = 1.0;
				PRODUCT_BUNDLE_IDENTIFIER = "febby.atostudy-project";
				PRODUCT_NAME = "$(TARGET_NAME)";
				SWIFT_EMIT_LOC_STRINGS = YES;
				SWIFT_VERSION = 5.0;
				TARGETED_DEVICE_FAMILY = "1,2";
			};
			name = Debug;
		};
		806715DB2AE9449100E1A3D4 /* Release */ = {
			isa = XCBuildConfiguration;
			baseConfigurationReference = DA7E90E2A7DB27F10C33F1FE /* Pods-atostudy_project.release.xcconfig */;
			buildSettings = {
				ASSETCATALOG_COMPILER_APPICON_NAME = AppIcon;
				ASSETCATALOG_COMPILER_GLOBAL_ACCENT_COLOR_NAME = AccentColor;
				CODE_SIGN_STYLE = Automatic;
				CURRENT_PROJECT_VERSION = 1;
				ENABLE_USER_SCRIPT_SANDBOXING = NO;
				GENERATE_INFOPLIST_FILE = YES;
				INFOPLIST_FILE = atostudy_project/Info.plist;
				INFOPLIST_KEY_UIApplicationSupportsIndirectInputEvents = YES;
				INFOPLIST_KEY_UILaunchStoryboardName = LaunchScreen;
				INFOPLIST_KEY_UIMainStoryboardFile = Main;
				INFOPLIST_KEY_UISupportedInterfaceOrientations_iPad = "UIInterfaceOrientationPortrait UIInterfaceOrientationPortraitUpsideDown UIInterfaceOrientationLandscapeLeft UIInterfaceOrientationLandscapeRight";
				INFOPLIST_KEY_UISupportedInterfaceOrientations_iPhone = "UIInterfaceOrientationPortrait UIInterfaceOrientationLandscapeLeft UIInterfaceOrientationLandscapeRight";
				IPHONEOS_DEPLOYMENT_TARGET = 15.0;
				LD_RUNPATH_SEARCH_PATHS = (
					"$(inherited)",
					"@executable_path/Frameworks",
				);
				MARKETING_VERSION = 1.0;
				PRODUCT_BUNDLE_IDENTIFIER = "febby.atostudy-project";
				PRODUCT_NAME = "$(TARGET_NAME)";
				SWIFT_EMIT_LOC_STRINGS = YES;
				SWIFT_VERSION = 5.0;
				TARGETED_DEVICE_FAMILY = "1,2";
			};
			name = Release;
		};
/* End XCBuildConfiguration section */

/* Begin XCConfigurationList section */
		806715C02AE9448F00E1A3D4 /* Build configuration list for PBXProject "atostudy_project" */ = {
			isa = XCConfigurationList;
			buildConfigurations = (
				806715D72AE9449100E1A3D4 /* Debug */,
				806715D82AE9449100E1A3D4 /* Release */,
			);
			defaultConfigurationIsVisible = 0;
			defaultConfigurationName = Release;
		};
		806715D92AE9449100E1A3D4 /* Build configuration list for PBXNativeTarget "atostudy_project" */ = {
			isa = XCConfigurationList;
			buildConfigurations = (
				806715DA2AE9449100E1A3D4 /* Debug */,
				806715DB2AE9449100E1A3D4 /* Release */,
			);
			defaultConfigurationIsVisible = 0;
			defaultConfigurationName = Release;
		};
/* End XCConfigurationList section */
	};
	rootObject = 806715BD2AE9448F00E1A3D4 /* Project object */;
}
